{
  "name": "shopping-cart",
  "lockfileVersion": 2,
  "requires": true,
  "packages": {
    "": {
      "dependencies": {
        "fullpage.js": "^3.1.1"
      }
    },
    "node_modules/fullpage.js": {
      "version": "3.1.1",
      "resolved": "https://registry.npmjs.org/fullpage.js/-/fullpage.js-3.1.1.tgz",
      "integrity": "sha512-pd8rbaDTHxK/eYtfDu7os0CEXjLA5e/3FNe+Mo8RnpntmOayxtyL1D8Y7JzANOCvKLn8zO5aFrPZGo3NhOCwgQ=="
    }
  },
  "dependencies": {
    "fullpage.js": {
      "version": "3.1.1",
      "resolved": "https://registry.npmjs.org/fullpage.js/-/fullpage.js-3.1.1.tgz",
      "integrity": "sha512-pd8rbaDTHxK/eYtfDu7os0CEXjLA5e/3FNe+Mo8RnpntmOayxtyL1D8Y7JzANOCvKLn8zO5aFrPZGo3NhOCwgQ=="
    }
  }
}
